
Microsoft Visual Studio Solution File, Format Version 12.00
# Visual Studio 15
VisualStudioVersion = 15.0.27130.2027
MinimumVisualStudioVersion = 10.0.40219.1
Project("{888888A0-9F3D-457C-B088-3A5042F75D52}") = "ProMon", "ProMon\ProMon.pyproj", "{8EDE706B-927D-468E-AA68-9D656AF74081}"
EndProject
Global
	GlobalSection(SolutionConfigurationPlatforms) = preSolution
		Debug|Any CPU = Debug|Any CPU
		Release|Any CPU = Release|Any CPU
	EndGlobalSection
	GlobalSection(ProjectConfigurationPlatforms) = postSolution
		{8EDE706B-927D-468E-AA68-9D656AF74081}.Debug|Any CPU.ActiveCfg = Debug|Any CPU
		{8EDE706B-927D-468E-AA68-9D656AF74081}.Release|Any CPU.ActiveCfg = Release|Any CPU
	EndGlobalSection
	GlobalSection(SolutionProperties) = preSolution
		HideSolutionNode = FALSE
	EndGlobalSection
	GlobalSection(ExtensibilityGlobals) = postSolution
		SolutionGuid = {D1E77F12-6F17-46C7-BB28-D7B60CA6F0CA}
	EndGlobalSection
EndGlobal
